
Microsoft Visual Studio Solution File, Format Version 12.00
# Visual Studio Version 16
VisualStudioVersion = 16.0.29503.13
MinimumVisualStudioVersion = 10.0.40219.1
Project("{9A19103F-16F7-4668-BE54-9A1E7A4F7556}") = "Xamarin.AspNetCore.Auth", "Xamarin.AspNetCore.Auth\Xamarin.AspNetCore.Auth.csproj", "{7CBC63FA-23AE-4EF0-AEF3-8827A9562741}"
EndProject
Project("{9A19103F-16F7-4668-BE54-9A1E7A4F7556}") = "Xamarin.AspNetCore.Auth.Mobile", "Xamarin.AspNetCore.Auth.Mobile\Xamarin.AspNetCore.Auth.Mobile.csproj", "{53D684E4-959E-42DF-A047-2151145C762B}"
EndProject
Project("{2150E333-8FDC-42A3-9474-1A3956D46DE8}") = "Samples", "Samples", "{E6CAC3B8-577D-454F-8E75-0050304719E3}"
EndProject
Project("{2150E333-8FDC-42A3-9474-1A3956D46DE8}") = "Mobile", "Mobile", "{82330986-1BD1-4AE4-AE1A-863DB6945CEF}"
EndProject
Project("{FAE04EC0-301F-11D3-BF4B-00C04F79EFBC}") = "MobileSample.UWP", "MobileSample\MobileSample.UWP\MobileSample.UWP.csproj", "{773493FE-4909-44C6-99BB-0FF975EC003B}"
EndProject
Project("{FAE04EC0-301F-11D3-BF4B-00C04F79EFBC}") = "MobileSample.Android", "MobileSample\MobileSample.Android\MobileSample.Android.csproj", "{23817FC7-77C8-48A4-8B6E-6E720948179D}"
EndProject
Project("{FAE04EC0-301F-11D3-BF4B-00C04F79EFBC}") = "MobileSample.iOS", "MobileSample\MobileSample.iOS\MobileSample.iOS.csproj", "{C4F128E0-9AC8-4132-BC2D-B8E3A4B9BCA5}"
EndProject
Project("{FAE04EC0-301F-11D3-BF4B-00C04F79EFBC}") = "MobileSample", "MobileSample\MobileSample\MobileSample.csproj", "{2FD17235-ED00-44DD-B7DF-65D684FEB734}"
EndProject
Project("{9A19103F-16F7-4668-BE54-9A1E7A4F7556}") = "AspNetCore2Sample", "AspNetCore2Sample\AspNetCore2Sample.csproj", "{7A90E6A8-F984-4056-857A-928FEA10DE4F}"
EndProject
Project("{9A19103F-16F7-4668-BE54-9A1E7A4F7556}") = "AspNetCore3Sample", "AspNetCore3Sample\AspNetCore3Sample.csproj", "{F597706E-529E-4D52-99DB-E3DC4CB344F3}"
EndProject
Global
	GlobalSection(SolutionConfigurationPlatforms) = preSolution
		Debug|Any CPU = Debug|Any CPU
		Debug|ARM = Debug|ARM
		Debug|iPhone = Debug|iPhone
		Debug|iPhoneSimulator = Debug|iPhoneSimulator
		Debug|x64 = Debug|x64
		Debug|x86 = Debug|x86
		Release|Any CPU = Release|Any CPU
		Release|ARM = Release|ARM
		Release|iPhone = Release|iPhone
		Release|iPhoneSimulator = Release|iPhoneSimulator
		Release|x64 = Release|x64
		Release|x86 = Release|x86
	EndGlobalSection
	GlobalSection(ProjectConfigurationPlatforms) = postSolution
		{7CBC63FA-23AE-4EF0-AEF3-8827A9562741}.Debug|Any CPU.ActiveCfg = Debug|Any CPU
		{7CBC63FA-23AE-4EF0-AEF3-8827A9562741}.Debug|Any CPU.Build.0 = Debug|Any CPU
		{7CBC63FA-23AE-4EF0-AEF3-8827A9562741}.Debug|ARM.ActiveCfg = Debug|Any CPU
		{7CBC63FA-23AE-4EF0-AEF3-8827A9562741}.Debug|ARM.Build.0 = Debug|Any CPU
		{7CBC63FA-23AE-4EF0-AEF3-8827A9562741}.Debug|iPhone.ActiveCfg = Debug|Any CPU
		{7CBC63FA-23AE-4EF0-AEF3-8827A9562741}.Debug|iPhone.Build.0 = Debug|Any CPU
		{7CBC63FA-23AE-4EF0-AEF3-8827A9562741}.Debug|iPhoneSimulator.ActiveCfg = Debug|Any CPU
		{7CBC63FA-23AE-4EF0-AEF3-8827A9562741}.Debug|iPhoneSimulator.Build.0 = Debug|Any CPU
		{7CBC63FA-23AE-4EF0-AEF3-8827A9562741}.Debug|x64.ActiveCfg = Debug|Any CPU
		{7CBC63FA-23AE-4EF0-AEF3-8827A9562741}.Debug|x64.Build.0 = Debug|Any CPU
		{7CBC63FA-23AE-4EF0-AEF3-8827A9562741}.Debug|x86.ActiveCfg = Debug|Any CPU
		{7CBC63FA-23AE-4EF0-AEF3-8827A9562741}.Debug|x86.Build.0 = Debug|Any CPU
		{7CBC63FA-23AE-4EF0-AEF3-8827A9562741}.Release|Any CPU.ActiveCfg = Release|Any CPU
		{7CBC63FA-23AE-4EF0-AEF3-8827A9562741}.Release|Any CPU.Build.0 = Release|Any CPU
		{7CBC63FA-23AE-4EF0-AEF3-8827A9562741}.Release|ARM.ActiveCfg = Release|Any CPU
		{7CBC63FA-23AE-4EF0-AEF3-8827A9562741}.Release|ARM.Build.0 = Release|Any CPU
		{7CBC63FA-23AE-4EF0-AEF3-8827A9562741}.Release|iPhone.ActiveCfg = Release|Any CPU
		{7CBC63FA-23AE-4EF0-AEF3-8827A9562741}.Release|iPhone.Build.0 = Release|Any CPU
		{7CBC63FA-23AE-4EF0-AEF3-8827A9562741}.Release|iPhoneSimulator.ActiveCfg = Release|Any CPU
		{7CBC63FA-23AE-4EF0-AEF3-8827A9562741}.Release|iPhoneSimulator.Build.0 = Release|Any CPU
		{7CBC63FA-23AE-4EF0-AEF3-8827A9562741}.Release|x64.ActiveCfg = Release|Any CPU
		{7CBC63FA-23AE-4EF0-AEF3-8827A9562741}.Release|x64.Build.0 = Release|Any CPU
		{7CBC63FA-23AE-4EF0-AEF3-8827A9562741}.Release|x86.ActiveCfg = Release|Any CPU
		{7CBC63FA-23AE-4EF0-AEF3-8827A9562741}.Release|x86.Build.0 = Release|Any CPU
		{53D684E4-959E-42DF-A047-2151145C762B}.Debug|Any CPU.ActiveCfg = Debug|Any CPU
		{53D684E4-959E-42DF-A047-2151145C762B}.Debug|Any CPU.Build.0 = Debug|Any CPU
		{53D684E4-959E-42DF-A047-2151145C762B}.Debug|ARM.ActiveCfg = Debug|Any CPU
		{53D684E4-959E-42DF-A047-2151145C762B}.Debug|ARM.Build.0 = Debug|Any CPU
		{53D684E4-959E-42DF-A047-2151145C762B}.Debug|iPhone.ActiveCfg = Debug|Any CPU
		{53D684E4-959E-42DF-A047-2151145C762B}.Debug|iPhone.Build.0 = Debug|Any CPU
		{53D684E4-959E-42DF-A047-2151145C762B}.Debug|iPhoneSimulator.ActiveCfg = Debug|Any CPU
		{53D684E4-959E-42DF-A047-2151145C762B}.Debug|iPhoneSimulator.Build.0 = Debug|Any CPU
		{53D684E4-959E-42DF-A047-2151145C762B}.Debug|x64.ActiveCfg = Debug|Any CPU
		{53D684E4-959E-42DF-A047-2151145C762B}.Debug|x64.Build.0 = Debug|Any CPU
		{53D684E4-959E-42DF-A047-2151145C762B}.Debug|x86.ActiveCfg = Debug|Any CPU
		{53D684E4-959E-42DF-A047-2151145C762B}.Debug|x86.Build.0 = Debug|Any CPU
		{53D684E4-959E-42DF-A047-2151145C762B}.Release|Any CPU.ActiveCfg = Release|Any CPU
		{53D684E4-959E-42DF-A047-2151145C762B}.Release|Any CPU.Build.0 = Release|Any CPU
		{53D684E4-959E-42DF-A047-2151145C762B}.Release|ARM.ActiveCfg = Release|Any CPU
		{53D684E4-959E-42DF-A047-2151145C762B}.Release|ARM.Build.0 = Release|Any CPU
		{53D684E4-959E-42DF-A047-2151145C762B}.Release|iPhone.ActiveCfg = Release|Any CPU
		{53D684E4-959E-42DF-A047-2151145C762B}.Release|iPhone.Build.0 = Release|Any CPU
		{53D684E4-959E-42DF-A047-2151145C762B}.Release|iPhoneSimulator.ActiveCfg = Release|Any CPU
		{53D684E4-959E-42DF-A047-2151145C762B}.Release|iPhoneSimulator.Build.0 = Release|Any CPU
		{53D684E4-959E-42DF-A047-2151145C762B}.Release|x64.ActiveCfg = Release|Any CPU
		{53D684E4-959E-42DF-A047-2151145C762B}.Release|x64.Build.0 = Release|Any CPU
		{53D684E4-959E-42DF-A047-2151145C762B}.Release|x86.ActiveCfg = Release|Any CPU
		{53D684E4-959E-42DF-A047-2151145C762B}.Release|x86.Build.0 = Release|Any CPU
		{773493FE-4909-44C6-99BB-0FF975EC003B}.Debug|Any CPU.ActiveCfg = Debug|x86
		{773493FE-4909-44C6-99BB-0FF975EC003B}.Debug|ARM.ActiveCfg = Debug|ARM
		{773493FE-4909-44C6-99BB-0FF975EC003B}.Debug|ARM.Build.0 = Debug|ARM
		{773493FE-4909-44C6-99BB-0FF975EC003B}.Debug|ARM.Deploy.0 = Debug|ARM
		{773493FE-4909-44C6-99BB-0FF975EC003B}.Debug|iPhone.ActiveCfg = Debug|x86
		{773493FE-4909-44C6-99BB-0FF975EC003B}.Debug|iPhoneSimulator.ActiveCfg = Debug|x86
		{773493FE-4909-44C6-99BB-0FF975EC003B}.Debug|x64.ActiveCfg = Debug|x64
		{773493FE-4909-44C6-99BB-0FF975EC003B}.Debug|x64.Build.0 = Debug|x64
		{773493FE-4909-44C6-99BB-0FF975EC003B}.Debug|x64.Deploy.0 = Debug|x64
		{773493FE-4909-44C6-99BB-0FF975EC003B}.Debug|x86.ActiveCfg = Debug|x86
		{773493FE-4909-44C6-99BB-0FF975EC003B}.Debug|x86.Build.0 = Debug|x86
		{773493FE-4909-44C6-99BB-0FF975EC003B}.Debug|x86.Deploy.0 = Debug|x86
		{773493FE-4909-44C6-99BB-0FF975EC003B}.Release|Any CPU.ActiveCfg = Release|x86
		{773493FE-4909-44C6-99BB-0FF975EC003B}.Release|ARM.ActiveCfg = Release|ARM
		{773493FE-4909-44C6-99BB-0FF975EC003B}.Release|ARM.Build.0 = Release|ARM
		{773493FE-4909-44C6-99BB-0FF975EC003B}.Release|ARM.Deploy.0 = Release|ARM
		{773493FE-4909-44C6-99BB-0FF975EC003B}.Release|iPhone.ActiveCfg = Release|x86
		{773493FE-4909-44C6-99BB-0FF975EC003B}.Release|iPhoneSimulator.ActiveCfg = Release|x86
		{773493FE-4909-44C6-99BB-0FF975EC003B}.Release|x64.ActiveCfg = Release|x64
		{773493FE-4909-44C6-99BB-0FF975EC003B}.Release|x64.Build.0 = Release|x64
		{773493FE-4909-44C6-99BB-0FF975EC003B}.Release|x64.Deploy.0 = Release|x64
		{773493FE-4909-44C6-99BB-0FF975EC003B}.Release|x86.ActiveCfg = Release|x86
		{773493FE-4909-44C6-99BB-0FF975EC003B}.Release|x86.Build.0 = Release|x86
		{773493FE-4909-44C6-99BB-0FF975EC003B}.Release|x86.Deploy.0 = Release|x86
		{23817FC7-77C8-48A4-8B6E-6E720948179D}.Debug|Any CPU.ActiveCfg = Debug|Any CPU
		{23817FC7-77C8-48A4-8B6E-6E720948179D}.Debug|Any CPU.Build.0 = Debug|Any CPU
		{23817FC7-77C8-48A4-8B6E-6E720948179D}.Debug|Any CPU.Deploy.0 = Debug|Any CPU
		{23817FC7-77C8-48A4-8B6E-6E720948179D}.Debug|ARM.ActiveCfg = Debug|Any CPU
		{23817FC7-77C8-48A4-8B6E-6E720948179D}.Debug|ARM.Build.0 = Debug|Any CPU
		{23817FC7-77C8-48A4-8B6E-6E720948179D}.Debug|ARM.Deploy.0 = Debug|Any CPU
		{23817FC7-77C8-48A4-8B6E-6E720948179D}.Debug|iPhone.ActiveCfg = Debug|Any CPU
		{23817FC7-77C8-48A4-8B6E-6E720948179D}.Debug|iPhone.Build.0 = Debug|Any CPU
		{23817FC7-77C8-48A4-8B6E-6E720948179D}.Debug|iPhone.Deploy.0 = Debug|Any CPU
		{23817FC7-77C8-48A4-8B6E-6E720948179D}.Debug|iPhoneSimulator.ActiveCfg = Debug|Any CPU
		{23817FC7-77C8-48A4-8B6E-6E720948179D}.Debug|iPhoneSimulator.Build.0 = Debug|Any CPU
		{23817FC7-77C8-48A4-8B6E-6E720948179D}.Debug|iPhoneSimulator.Deploy.0 = Debug|Any CPU
		{23817FC7-77C8-48A4-8B6E-6E720948179D}.Debug|x64.ActiveCfg = Debug|Any CPU
		{23817FC7-77C8-48A4-8B6E-6E720948179D}.Debug|x64.Build.0 = Debug|Any CPU
		{23817FC7-77C8-48A4-8B6E-6E720948179D}.Debug|x64.Deploy.0 = Debug|Any CPU
		{23817FC7-77C8-48A4-8B6E-6E720948179D}.Debug|x86.ActiveCfg = Debug|Any CPU
		{23817FC7-77C8-48A4-8B6E-6E720948179D}.Debug|x86.Build.0 = Debug|Any CPU
		{23817FC7-77C8-48A4-8B6E-6E720948179D}.Debug|x86.Deploy.0 = Debug|Any CPU
		{23817FC7-77C8-48A4-8B6E-6E720948179D}.Release|Any CPU.ActiveCfg = Release|Any CPU
		{23817FC7-77C8-48A4-8B6E-6E720948179D}.Release|Any CPU.Build.0 = Release|Any CPU
		{23817FC7-77C8-48A4-8B6E-6E720948179D}.Release|Any CPU.Deploy.0 = Release|Any CPU
		{23817FC7-77C8-48A4-8B6E-6E720948179D}.Release|ARM.ActiveCfg = Release|Any CPU
		{23817FC7-77C8-48A4-8B6E-6E720948179D}.Release|ARM.Build.0 = Release|Any CPU
		{23817FC7-77C8-48A4-8B6E-6E720948179D}.Release|ARM.Deploy.0 = Release|Any CPU
		{23817FC7-77C8-48A4-8B6E-6E720948179D}.Release|iPhone.ActiveCfg = Release|Any CPU
		{23817FC7-77C8-48A4-8B6E-6E720948179D}.Release|iPhone.Build.0 = Release|Any CPU
		{23817FC7-77C8-48A4-8B6E-6E720948179D}.Release|iPhone.Deploy.0 = Release|Any CPU
		{23817FC7-77C8-48A4-8B6E-6E720948179D}.Release|iPhoneSimulator.ActiveCfg = Release|Any CPU
		{23817FC7-77C8-48A4-8B6E-6E720948179D}.Release|iPhoneSimulator.Build.0 = Release|Any CPU
		{23817FC7-77C8-48A4-8B6E-6E720948179D}.Release|iPhoneSimulator.Deploy.0 = Release|Any CPU
		{23817FC7-77C8-48A4-8B6E-6E720948179D}.Release|x64.ActiveCfg = Release|Any CPU
		{23817FC7-77C8-48A4-8B6E-6E720948179D}.Release|x64.Build.0 = Release|Any CPU
		{23817FC7-77C8-48A4-8B6E-6E720948179D}.Release|x64.Deploy.0 = Release|Any CPU
		{23817FC7-77C8-48A4-8B6E-6E720948179D}.Release|x86.ActiveCfg = Release|Any CPU
		{23817FC7-77C8-48A4-8B6E-6E720948179D}.Release|x86.Build.0 = Release|Any CPU
		{23817FC7-77C8-48A4-8B6E-6E720948179D}.Release|x86.Deploy.0 = Release|Any CPU
		{C4F128E0-9AC8-4132-BC2D-B8E3A4B9BCA5}.Debug|Any CPU.ActiveCfg = Debug|iPhone
		{C4F128E0-9AC8-4132-BC2D-B8E3A4B9BCA5}.Debug|ARM.ActiveCfg = Debug|iPhone
		{C4F128E0-9AC8-4132-BC2D-B8E3A4B9BCA5}.Debug|iPhone.ActiveCfg = Debug|iPhone
		{C4F128E0-9AC8-4132-BC2D-B8E3A4B9BCA5}.Debug|iPhone.Build.0 = Debug|iPhone
		{C4F128E0-9AC8-4132-BC2D-B8E3A4B9BCA5}.Debug|iPhoneSimulator.ActiveCfg = Debug|iPhoneSimulator
		{C4F128E0-9AC8-4132-BC2D-B8E3A4B9BCA5}.Debug|iPhoneSimulator.Build.0 = Debug|iPhoneSimulator
		{C4F128E0-9AC8-4132-BC2D-B8E3A4B9BCA5}.Debug|x64.ActiveCfg = Debug|iPhone
		{C4F128E0-9AC8-4132-BC2D-B8E3A4B9BCA5}.Debug|x86.ActiveCfg = Debug|iPhone
		{C4F128E0-9AC8-4132-BC2D-B8E3A4B9BCA5}.Release|Any CPU.ActiveCfg = Release|iPhone
		{C4F128E0-9AC8-4132-BC2D-B8E3A4B9BCA5}.Release|ARM.ActiveCfg = Release|iPhone
		{C4F128E0-9AC8-4132-BC2D-B8E3A4B9BCA5}.Release|iPhone.ActiveCfg = Release|iPhone
		{C4F128E0-9AC8-4132-BC2D-B8E3A4B9BCA5}.Release|iPhone.Build.0 = Release|iPhone
		{C4F128E0-9AC8-4132-BC2D-B8E3A4B9BCA5}.Release|iPhoneSimulator.ActiveCfg = Release|iPhoneSimulator
		{C4F128E0-9AC8-4132-BC2D-B8E3A4B9BCA5}.Release|iPhoneSimulator.Build.0 = Release|iPhoneSimulator
		{C4F128E0-9AC8-4132-BC2D-B8E3A4B9BCA5}.Release|x64.ActiveCfg = Release|iPhone
		{C4F128E0-9AC8-4132-BC2D-B8E3A4B9BCA5}.Release|x86.ActiveCfg = Release|iPhone
		{2FD17235-ED00-44DD-B7DF-65D684FEB734}.Debug|Any CPU.ActiveCfg = Debug|Any CPU
		{2FD17235-ED00-44DD-B7DF-65D684FEB734}.Debug|Any CPU.Build.0 = Debug|Any CPU
		{2FD17235-ED00-44DD-B7DF-65D684FEB734}.Debug|ARM.ActiveCfg = Debug|Any CPU
		{2FD17235-ED00-44DD-B7DF-65D684FEB734}.Debug|ARM.Build.0 = Debug|Any CPU
		{2FD17235-ED00-44DD-B7DF-65D684FEB734}.Debug|iPhone.ActiveCfg = Debug|Any CPU
		{2FD17235-ED00-44DD-B7DF-65D684FEB734}.Debug|iPhone.Build.0 = Debug|Any CPU
		{2FD17235-ED00-44DD-B7DF-65D684FEB734}.Debug|iPhoneSimulator.ActiveCfg = Debug|Any CPU
		{2FD17235-ED00-44DD-B7DF-65D684FEB734}.Debug|iPhoneSimulator.Build.0 = Debug|Any CPU
		{2FD17235-ED00-44DD-B7DF-65D684FEB734}.Debug|x64.ActiveCfg = Debug|Any CPU
		{2FD17235-ED00-44DD-B7DF-65D684FEB734}.Debug|x64.Build.0 = Debug|Any CPU
		{2FD17235-ED00-44DD-B7DF-65D684FEB734}.Debug|x86.ActiveCfg = Debug|Any CPU
		{2FD17235-ED00-44DD-B7DF-65D684FEB734}.Debug|x86.Build.0 = Debug|Any CPU
		{2FD17235-ED00-44DD-B7DF-65D684FEB734}.Release|Any CPU.ActiveCfg = Release|Any CPU
		{2FD17235-ED00-44DD-B7DF-65D684FEB734}.Release|Any CPU.Build.0 = Release|Any CPU
		{2FD17235-ED00-44DD-B7DF-65D684FEB734}.Release|ARM.ActiveCfg = Release|Any CPU
		{2FD17235-ED00-44DD-B7DF-65D684FEB734}.Release|ARM.Build.0 = Release|Any CPU
		{2FD17235-ED00-44DD-B7DF-65D684FEB734}.Release|iPhone.ActiveCfg = Release|Any CPU
		{2FD17235-ED00-44DD-B7DF-65D684FEB734}.Release|iPhone.Build.0 = Release|Any CPU
		{2FD17235-ED00-44DD-B7DF-65D684FEB734}.Release|iPhoneSimulator.ActiveCfg = Release|Any CPU
		{2FD17235-ED00-44DD-B7DF-65D684FEB734}.Release|iPhoneSimulator.Build.0 = Release|Any CPU
		{2FD17235-ED00-44DD-B7DF-65D684FEB734}.Release|x64.ActiveCfg = Release|Any CPU
		{2FD17235-ED00-44DD-B7DF-65D684FEB734}.Release|x64.Build.0 = Release|Any CPU
		{2FD17235-ED00-44DD-B7DF-65D684FEB734}.Release|x86.ActiveCfg = Release|Any CPU
		{2FD17235-ED00-44DD-B7DF-65D684FEB734}.Release|x86.Build.0 = Release|Any CPU
		{7A90E6A8-F984-4056-857A-928FEA10DE4F}.Debug|Any CPU.ActiveCfg = Debug|Any CPU
		{7A90E6A8-F984-4056-857A-928FEA10DE4F}.Debug|Any CPU.Build.0 = Debug|Any CPU
		{7A90E6A8-F984-4056-857A-928FEA10DE4F}.Debug|ARM.ActiveCfg = Debug|Any CPU
		{7A90E6A8-F984-4056-857A-928FEA10DE4F}.Debug|ARM.Build.0 = Debug|Any CPU
		{7A90E6A8-F984-4056-857A-928FEA10DE4F}.Debug|iPhone.ActiveCfg = Debug|Any CPU
		{7A90E6A8-F984-4056-857A-928FEA10DE4F}.Debug|iPhone.Build.0 = Debug|Any CPU
		{7A90E6A8-F984-4056-857A-928FEA10DE4F}.Debug|iPhoneSimulator.ActiveCfg = Debug|Any CPU
		{7A90E6A8-F984-4056-857A-928FEA10DE4F}.Debug|iPhoneSimulator.Build.0 = Debug|Any CPU
		{7A90E6A8-F984-4056-857A-928FEA10DE4F}.Debug|x64.ActiveCfg = Debug|Any CPU
		{7A90E6A8-F984-4056-857A-928FEA10DE4F}.Debug|x64.Build.0 = Debug|Any CPU
		{7A90E6A8-F984-4056-857A-928FEA10DE4F}.Debug|x86.ActiveCfg = Debug|Any CPU
		{7A90E6A8-F984-4056-857A-928FEA10DE4F}.Debug|x86.Build.0 = Debug|Any CPU
		{7A90E6A8-F984-4056-857A-928FEA10DE4F}.Release|Any CPU.ActiveCfg = Release|Any CPU
		{7A90E6A8-F984-4056-857A-928FEA10DE4F}.Release|Any CPU.Build.0 = Release|Any CPU
		{7A90E6A8-F984-4056-857A-928FEA10DE4F}.Release|ARM.ActiveCfg = Release|Any CPU
		{7A90E6A8-F984-4056-857A-928FEA10DE4F}.Release|ARM.Build.0 = Release|Any CPU
		{7A90E6A8-F984-4056-857A-928FEA10DE4F}.Release|iPhone.ActiveCfg = Release|Any CPU
		{7A90E6A8-F984-4056-857A-928FEA10DE4F}.Release|iPhone.Build.0 = Release|Any CPU
		{7A90E6A8-F984-4056-857A-928FEA10DE4F}.Release|iPhoneSimulator.ActiveCfg = Release|Any CPU
		{7A90E6A8-F984-4056-857A-928FEA10DE4F}.Release|iPhoneSimulator.Build.0 = Release|Any CPU
		{7A90E6A8-F984-4056-857A-928FEA10DE4F}.Release|x64.ActiveCfg = Release|Any CPU
		{7A90E6A8-F984-4056-857A-928FEA10DE4F}.Release|x64.Build.0 = Release|Any CPU
		{7A90E6A8-F984-4056-857A-928FEA10DE4F}.Release|x86.ActiveCfg = Release|Any CPU
		{7A90E6A8-F984-4056-857A-928FEA10DE4F}.Release|x86.Build.0 = Release|Any CPU
		{F597706E-529E-4D52-99DB-E3DC4CB344F3}.Debug|Any CPU.ActiveCfg = Debug|Any CPU
		{F597706E-529E-4D52-99DB-E3DC4CB344F3}.Debug|Any CPU.Build.0 = Debug|Any CPU
		{F597706E-529E-4D52-99DB-E3DC4CB344F3}.Debug|ARM.ActiveCfg = Debug|Any CPU
		{F597706E-529E-4D52-99DB-E3DC4CB344F3}.Debug|ARM.Build.0 = Debug|Any CPU
		{F597706E-529E-4D52-99DB-E3DC4CB344F3}.Debug|iPhone.ActiveCfg = Debug|Any CPU
		{F597706E-529E-4D52-99DB-E3DC4CB344F3}.Debug|iPhone.Build.0 = Debug|Any CPU
		{F597706E-529E-4D52-99DB-E3DC4CB344F3}.Debug|iPhoneSimulator.ActiveCfg = Debug|Any CPU
		{F597706E-529E-4D52-99DB-E3DC4CB344F3}.Debug|iPhoneSimulator.Build.0 = Debug|Any CPU
		{F597706E-529E-4D52-99DB-E3DC4CB344F3}.Debug|x64.ActiveCfg = Debug|Any CPU
		{F597706E-529E-4D52-99DB-E3DC4CB344F3}.Debug|x64.Build.0 = Debug|Any CPU
		{F597706E-529E-4D52-99DB-E3DC4CB344F3}.Debug|x86.ActiveCfg = Debug|Any CPU
		{F597706E-529E-4D52-99DB-E3DC4CB344F3}.Debug|x86.Build.0 = Debug|Any CPU
		{F597706E-529E-4D52-99DB-E3DC4CB344F3}.Release|Any CPU.ActiveCfg = Release|Any CPU
		{F597706E-529E-4D52-99DB-E3DC4CB344F3}.Release|Any CPU.Build.0 = Release|Any CPU
		{F597706E-529E-4D52-99DB-E3DC4CB344F3}.Release|ARM.ActiveCfg = Release|Any CPU
		{F597706E-529E-4D52-99DB-E3DC4CB344F3}.Release|ARM.Build.0 = Release|Any CPU
		{F597706E-529E-4D52-99DB-E3DC4CB344F3}.Release|iPhone.ActiveCfg = Release|Any CPU
		{F597706E-529E-4D52-99DB-E3DC4CB344F3}.Release|iPhone.Build.0 = Release|Any CPU
		{F597706E-529E-4D52-99DB-E3DC4CB344F3}.Release|iPhoneSimulator.ActiveCfg = Release|Any CPU
		{F597706E-529E-4D52-99DB-E3DC4CB344F3}.Release|iPhoneSimulator.Build.0 = Release|Any CPU
		{F597706E-529E-4D52-99DB-E3DC4CB344F3}.Release|x64.ActiveCfg = Release|Any CPU
		{F597706E-529E-4D52-99DB-E3DC4CB344F3}.Release|x64.Build.0 = Release|Any CPU
		{F597706E-529E-4D52-99DB-E3DC4CB344F3}.Release|x86.ActiveCfg = Release|Any CPU
		{F597706E-529E-4D52-99DB-E3DC4CB344F3}.Release|x86.Build.0 = Release|Any CPU
	EndGlobalSection
	GlobalSection(SolutionProperties) = preSolution
		HideSolutionNode = FALSE
	EndGlobalSection
	GlobalSection(NestedProjects) = preSolution
		{82330986-1BD1-4AE4-AE1A-863DB6945CEF} = {E6CAC3B8-577D-454F-8E75-0050304719E3}
		{773493FE-4909-44C6-99BB-0FF975EC003B} = {82330986-1BD1-4AE4-AE1A-863DB6945CEF}
		{23817FC7-77C8-48A4-8B6E-6E720948179D} = {82330986-1BD1-4AE4-AE1A-863DB6945CEF}
		{C4F128E0-9AC8-4132-BC2D-B8E3A4B9BCA5} = {82330986-1BD1-4AE4-AE1A-863DB6945CEF}
		{2FD17235-ED00-44DD-B7DF-65D684FEB734} = {82330986-1BD1-4AE4-AE1A-863DB6945CEF}
		{7A90E6A8-F984-4056-857A-928FEA10DE4F} = {E6CAC3B8-577D-454F-8E75-0050304719E3}
		{F597706E-529E-4D52-99DB-E3DC4CB344F3} = {E6CAC3B8-577D-454F-8E75-0050304719E3}
	EndGlobalSection
	GlobalSection(ExtensibilityGlobals) = postSolution
		SolutionGuid = {5A918E98-567B-4F3D-9B06-68D361EBF4B8}
	EndGlobalSection
EndGlobal
