
Microsoft Visual Studio Solution File, Format Version 12.00
# Visual Studio Version 16
VisualStudioVersion = 16.0.29503.13
MinimumVisualStudioVersion = 10.0.40219.1
Project("{9A19103F-16F7-4668-BE54-9A1E7A4F7556}") = "Xamarin.AspNetCore.Auth", "Xamarin.AspNetCore.Auth\Xamarin.AspNetCore.Auth.csproj", "{7CBC63FA-23AE-4EF0-AEF3-8827A9562741}"
EndProject
Project("{2150E333-8FDC-42A3-9474-1A3956D46DE8}") = "Samples", "Samples", "{E6CAC3B8-577D-454F-8E75-0050304719E3}"
EndProject
Project("{2150E333-8FDC-42A3-9474-1A3956D46DE8}") = "Mobile", "Mobile", "{82330986-1BD1-4AE4-AE1A-863DB6945CEF}"
EndProject
Project("{FAE04EC0-301F-11D3-BF4B-00C04F79EFBC}") = "MobileSample.UWP", "MobileSample\MobileSample.UWP\MobileSample.UWP.csproj", "{773493FE-4909-44C6-99BB-0FF975EC003B}"
EndProject
Project("{FAE04EC0-301F-11D3-BF4B-00C04F79EFBC}") = "MobileSample.Android", "MobileSample\MobileSample.Android\MobileSample.Android.csproj", "{23817FC7-77C8-48A4-8B6E-6E720948179D}"
EndProject
Project("{FAE04EC0-301F-11D3-BF4B-00C04F79EFBC}") = "MobileSample.iOS", "MobileSample\MobileSample.iOS\MobileSample.iOS.csproj", "{C4F128E0-9AC8-4132-BC2D-B8E3A4B9BCA5}"
EndProject
Project("{9A19103F-16F7-4668-BE54-9A1E7A4F7556}") = "MobileSample", "MobileSample\MobileSample\MobileSample.csproj", "{2FD17235-ED00-44DD-B7DF-65D684FEB734}"
EndProject
Project("{9A19103F-16F7-4668-BE54-9A1E7A4F7556}") = "AspNetCore2Sample", "AspNetCore2Sample\AspNetCore2Sample.csproj", "{7A90E6A8-F984-4056-857A-928FEA10DE4F}"
EndProject
Project("{9A19103F-16F7-4668-BE54-9A1E7A4F7556}") = "AspNetCore3Sample", "AspNetCore3Sample\AspNetCore3Sample.csproj", "{F597706E-529E-4D52-99DB-E3DC4CB344F3}"
EndProject
Project("{9A19103F-16F7-4668-BE54-9A1E7A4F7556}") = "Xamarin.Essentials.Authentication", "Xamarin.Essentials.Authentication\Xamarin.Essentials.Authentication.csproj", "{CF06793F-B1A7-4DF5-BA3B-D4C3406F6FE0}"
EndProject
Project("{9A19103F-16F7-4668-BE54-9A1E7A4F7556}") = "Xamarin.Essentials.Authentication.Facebook", "Xamarin.Essentials.Authentication.Facebook\Xamarin.Essentials.Authentication.Facebook.csproj", "{313BB060-D9B8-4616-8D7F-3942C9519A1F}"
EndProject
Global
	GlobalSection(SolutionConfigurationPlatforms) = preSolution
		Debug|Any CPU = Debug|Any CPU
		Debug|ARM = Debug|ARM
		Debug|iPhone = Debug|iPhone
		Debug|iPhoneSimulator = Debug|iPhoneSimulator
		Debug|x64 = Debug|x64
		Debug|x86 = Debug|x86
		Docs|Any CPU = Docs|Any CPU
		Docs|ARM = Docs|ARM
		Docs|iPhone = Docs|iPhone
		Docs|iPhoneSimulator = Docs|iPhoneSimulator
		Docs|x64 = Docs|x64
		Docs|x86 = Docs|x86
		Release|Any CPU = Release|Any CPU
		Release|ARM = Release|ARM
		Release|iPhone = Release|iPhone
		Release|iPhoneSimulator = Release|iPhoneSimulator
		Release|x64 = Release|x64
		Release|x86 = Release|x86
		Samples|Any CPU = Samples|Any CPU
		Samples|ARM = Samples|ARM
		Samples|iPhone = Samples|iPhone
		Samples|iPhoneSimulator = Samples|iPhoneSimulator
		Samples|x64 = Samples|x64
		Samples|x86 = Samples|x86
	EndGlobalSection
	GlobalSection(ProjectConfigurationPlatforms) = postSolution
		{7CBC63FA-23AE-4EF0-AEF3-8827A9562741}.Debug|Any CPU.ActiveCfg = Debug|Any CPU
		{7CBC63FA-23AE-4EF0-AEF3-8827A9562741}.Debug|Any CPU.Build.0 = Debug|Any CPU
		{7CBC63FA-23AE-4EF0-AEF3-8827A9562741}.Debug|ARM.ActiveCfg = Debug|Any CPU
		{7CBC63FA-23AE-4EF0-AEF3-8827A9562741}.Debug|ARM.Build.0 = Debug|Any CPU
		{7CBC63FA-23AE-4EF0-AEF3-8827A9562741}.Debug|iPhone.ActiveCfg = Debug|Any CPU
		{7CBC63FA-23AE-4EF0-AEF3-8827A9562741}.Debug|iPhone.Build.0 = Debug|Any CPU
		{7CBC63FA-23AE-4EF0-AEF3-8827A9562741}.Debug|iPhoneSimulator.ActiveCfg = Debug|Any CPU
		{7CBC63FA-23AE-4EF0-AEF3-8827A9562741}.Debug|iPhoneSimulator.Build.0 = Debug|Any CPU
		{7CBC63FA-23AE-4EF0-AEF3-8827A9562741}.Debug|x64.ActiveCfg = Debug|Any CPU
		{7CBC63FA-23AE-4EF0-AEF3-8827A9562741}.Debug|x64.Build.0 = Debug|Any CPU
		{7CBC63FA-23AE-4EF0-AEF3-8827A9562741}.Debug|x86.ActiveCfg = Debug|Any CPU
		{7CBC63FA-23AE-4EF0-AEF3-8827A9562741}.Debug|x86.Build.0 = Debug|Any CPU
		{7CBC63FA-23AE-4EF0-AEF3-8827A9562741}.Docs|Any CPU.ActiveCfg = Debug|Any CPU
		{7CBC63FA-23AE-4EF0-AEF3-8827A9562741}.Docs|Any CPU.Build.0 = Debug|Any CPU
		{7CBC63FA-23AE-4EF0-AEF3-8827A9562741}.Docs|ARM.ActiveCfg = Debug|Any CPU
		{7CBC63FA-23AE-4EF0-AEF3-8827A9562741}.Docs|ARM.Build.0 = Debug|Any CPU
		{7CBC63FA-23AE-4EF0-AEF3-8827A9562741}.Docs|iPhone.ActiveCfg = Debug|Any CPU
		{7CBC63FA-23AE-4EF0-AEF3-8827A9562741}.Docs|iPhone.Build.0 = Debug|Any CPU
		{7CBC63FA-23AE-4EF0-AEF3-8827A9562741}.Docs|iPhoneSimulator.ActiveCfg = Debug|Any CPU
		{7CBC63FA-23AE-4EF0-AEF3-8827A9562741}.Docs|iPhoneSimulator.Build.0 = Debug|Any CPU
		{7CBC63FA-23AE-4EF0-AEF3-8827A9562741}.Docs|x64.ActiveCfg = Debug|Any CPU
		{7CBC63FA-23AE-4EF0-AEF3-8827A9562741}.Docs|x64.Build.0 = Debug|Any CPU
		{7CBC63FA-23AE-4EF0-AEF3-8827A9562741}.Docs|x86.ActiveCfg = Debug|Any CPU
		{7CBC63FA-23AE-4EF0-AEF3-8827A9562741}.Docs|x86.Build.0 = Debug|Any CPU
		{7CBC63FA-23AE-4EF0-AEF3-8827A9562741}.Release|Any CPU.ActiveCfg = Release|Any CPU
		{7CBC63FA-23AE-4EF0-AEF3-8827A9562741}.Release|Any CPU.Build.0 = Release|Any CPU
		{7CBC63FA-23AE-4EF0-AEF3-8827A9562741}.Release|ARM.ActiveCfg = Release|Any CPU
		{7CBC63FA-23AE-4EF0-AEF3-8827A9562741}.Release|ARM.Build.0 = Release|Any CPU
		{7CBC63FA-23AE-4EF0-AEF3-8827A9562741}.Release|iPhone.ActiveCfg = Release|Any CPU
		{7CBC63FA-23AE-4EF0-AEF3-8827A9562741}.Release|iPhone.Build.0 = Release|Any CPU
		{7CBC63FA-23AE-4EF0-AEF3-8827A9562741}.Release|iPhoneSimulator.ActiveCfg = Release|Any CPU
		{7CBC63FA-23AE-4EF0-AEF3-8827A9562741}.Release|iPhoneSimulator.Build.0 = Release|Any CPU
		{7CBC63FA-23AE-4EF0-AEF3-8827A9562741}.Release|x64.ActiveCfg = Release|Any CPU
		{7CBC63FA-23AE-4EF0-AEF3-8827A9562741}.Release|x64.Build.0 = Release|Any CPU
		{7CBC63FA-23AE-4EF0-AEF3-8827A9562741}.Release|x86.ActiveCfg = Release|Any CPU
		{7CBC63FA-23AE-4EF0-AEF3-8827A9562741}.Release|x86.Build.0 = Release|Any CPU
		{7CBC63FA-23AE-4EF0-AEF3-8827A9562741}.Samples|Any CPU.ActiveCfg = Release|Any CPU
		{7CBC63FA-23AE-4EF0-AEF3-8827A9562741}.Samples|Any CPU.Build.0 = Release|Any CPU
		{7CBC63FA-23AE-4EF0-AEF3-8827A9562741}.Samples|ARM.ActiveCfg = Release|Any CPU
		{7CBC63FA-23AE-4EF0-AEF3-8827A9562741}.Samples|ARM.Build.0 = Release|Any CPU
		{7CBC63FA-23AE-4EF0-AEF3-8827A9562741}.Samples|iPhone.ActiveCfg = Release|Any CPU
		{7CBC63FA-23AE-4EF0-AEF3-8827A9562741}.Samples|iPhone.Build.0 = Release|Any CPU
		{7CBC63FA-23AE-4EF0-AEF3-8827A9562741}.Samples|iPhoneSimulator.ActiveCfg = Release|Any CPU
		{7CBC63FA-23AE-4EF0-AEF3-8827A9562741}.Samples|iPhoneSimulator.Build.0 = Release|Any CPU
		{7CBC63FA-23AE-4EF0-AEF3-8827A9562741}.Samples|x64.ActiveCfg = Release|Any CPU
		{7CBC63FA-23AE-4EF0-AEF3-8827A9562741}.Samples|x64.Build.0 = Release|Any CPU
		{7CBC63FA-23AE-4EF0-AEF3-8827A9562741}.Samples|x86.ActiveCfg = Release|Any CPU
		{7CBC63FA-23AE-4EF0-AEF3-8827A9562741}.Samples|x86.Build.0 = Release|Any CPU
		{773493FE-4909-44C6-99BB-0FF975EC003B}.Debug|Any CPU.ActiveCfg = Debug|x86
		{773493FE-4909-44C6-99BB-0FF975EC003B}.Debug|ARM.ActiveCfg = Debug|ARM
		{773493FE-4909-44C6-99BB-0FF975EC003B}.Debug|ARM.Build.0 = Debug|ARM
		{773493FE-4909-44C6-99BB-0FF975EC003B}.Debug|ARM.Deploy.0 = Debug|ARM
		{773493FE-4909-44C6-99BB-0FF975EC003B}.Debug|iPhone.ActiveCfg = Debug|x86
		{773493FE-4909-44C6-99BB-0FF975EC003B}.Debug|iPhoneSimulator.ActiveCfg = Debug|x86
		{773493FE-4909-44C6-99BB-0FF975EC003B}.Debug|x64.ActiveCfg = Debug|x64
		{773493FE-4909-44C6-99BB-0FF975EC003B}.Debug|x64.Build.0 = Debug|x64
		{773493FE-4909-44C6-99BB-0FF975EC003B}.Debug|x64.Deploy.0 = Debug|x64
		{773493FE-4909-44C6-99BB-0FF975EC003B}.Debug|x86.ActiveCfg = Debug|x86
		{773493FE-4909-44C6-99BB-0FF975EC003B}.Debug|x86.Build.0 = Debug|x86
		{773493FE-4909-44C6-99BB-0FF975EC003B}.Debug|x86.Deploy.0 = Debug|x86
		{773493FE-4909-44C6-99BB-0FF975EC003B}.Docs|Any CPU.ActiveCfg = Release|x64
		{773493FE-4909-44C6-99BB-0FF975EC003B}.Docs|Any CPU.Build.0 = Release|x64
		{773493FE-4909-44C6-99BB-0FF975EC003B}.Docs|Any CPU.Deploy.0 = Release|x64
		{773493FE-4909-44C6-99BB-0FF975EC003B}.Docs|ARM.ActiveCfg = Debug|ARM
		{773493FE-4909-44C6-99BB-0FF975EC003B}.Docs|ARM.Build.0 = Debug|ARM
		{773493FE-4909-44C6-99BB-0FF975EC003B}.Docs|ARM.Deploy.0 = Debug|ARM
		{773493FE-4909-44C6-99BB-0FF975EC003B}.Docs|iPhone.ActiveCfg = Release|x64
		{773493FE-4909-44C6-99BB-0FF975EC003B}.Docs|iPhone.Build.0 = Release|x64
		{773493FE-4909-44C6-99BB-0FF975EC003B}.Docs|iPhone.Deploy.0 = Release|x64
		{773493FE-4909-44C6-99BB-0FF975EC003B}.Docs|iPhoneSimulator.ActiveCfg = Release|x64
		{773493FE-4909-44C6-99BB-0FF975EC003B}.Docs|iPhoneSimulator.Build.0 = Release|x64
		{773493FE-4909-44C6-99BB-0FF975EC003B}.Docs|iPhoneSimulator.Deploy.0 = Release|x64
		{773493FE-4909-44C6-99BB-0FF975EC003B}.Docs|x64.ActiveCfg = Debug|x64
		{773493FE-4909-44C6-99BB-0FF975EC003B}.Docs|x64.Build.0 = Debug|x64
		{773493FE-4909-44C6-99BB-0FF975EC003B}.Docs|x64.Deploy.0 = Debug|x64
		{773493FE-4909-44C6-99BB-0FF975EC003B}.Docs|x86.ActiveCfg = Debug|x86
		{773493FE-4909-44C6-99BB-0FF975EC003B}.Docs|x86.Build.0 = Debug|x86
		{773493FE-4909-44C6-99BB-0FF975EC003B}.Docs|x86.Deploy.0 = Debug|x86
		{773493FE-4909-44C6-99BB-0FF975EC003B}.Release|Any CPU.ActiveCfg = Release|x86
		{773493FE-4909-44C6-99BB-0FF975EC003B}.Release|ARM.ActiveCfg = Release|ARM
		{773493FE-4909-44C6-99BB-0FF975EC003B}.Release|ARM.Build.0 = Release|ARM
		{773493FE-4909-44C6-99BB-0FF975EC003B}.Release|ARM.Deploy.0 = Release|ARM
		{773493FE-4909-44C6-99BB-0FF975EC003B}.Release|iPhone.ActiveCfg = Release|x86
		{773493FE-4909-44C6-99BB-0FF975EC003B}.Release|iPhoneSimulator.ActiveCfg = Release|x86
		{773493FE-4909-44C6-99BB-0FF975EC003B}.Release|x64.ActiveCfg = Release|x64
		{773493FE-4909-44C6-99BB-0FF975EC003B}.Release|x64.Build.0 = Release|x64
		{773493FE-4909-44C6-99BB-0FF975EC003B}.Release|x64.Deploy.0 = Release|x64
		{773493FE-4909-44C6-99BB-0FF975EC003B}.Release|x86.ActiveCfg = Release|x86
		{773493FE-4909-44C6-99BB-0FF975EC003B}.Release|x86.Build.0 = Release|x86
		{773493FE-4909-44C6-99BB-0FF975EC003B}.Release|x86.Deploy.0 = Release|x86
		{773493FE-4909-44C6-99BB-0FF975EC003B}.Samples|Any CPU.ActiveCfg = Release|x64
		{773493FE-4909-44C6-99BB-0FF975EC003B}.Samples|Any CPU.Build.0 = Release|x64
		{773493FE-4909-44C6-99BB-0FF975EC003B}.Samples|Any CPU.Deploy.0 = Release|x64
		{773493FE-4909-44C6-99BB-0FF975EC003B}.Samples|ARM.ActiveCfg = Release|ARM
		{773493FE-4909-44C6-99BB-0FF975EC003B}.Samples|ARM.Build.0 = Release|ARM
		{773493FE-4909-44C6-99BB-0FF975EC003B}.Samples|ARM.Deploy.0 = Release|ARM
		{773493FE-4909-44C6-99BB-0FF975EC003B}.Samples|iPhone.ActiveCfg = Release|x64
		{773493FE-4909-44C6-99BB-0FF975EC003B}.Samples|iPhone.Build.0 = Release|x64
		{773493FE-4909-44C6-99BB-0FF975EC003B}.Samples|iPhone.Deploy.0 = Release|x64
		{773493FE-4909-44C6-99BB-0FF975EC003B}.Samples|iPhoneSimulator.ActiveCfg = Release|x64
		{773493FE-4909-44C6-99BB-0FF975EC003B}.Samples|iPhoneSimulator.Build.0 = Release|x64
		{773493FE-4909-44C6-99BB-0FF975EC003B}.Samples|iPhoneSimulator.Deploy.0 = Release|x64
		{773493FE-4909-44C6-99BB-0FF975EC003B}.Samples|x64.ActiveCfg = Release|x64
		{773493FE-4909-44C6-99BB-0FF975EC003B}.Samples|x64.Build.0 = Release|x64
		{773493FE-4909-44C6-99BB-0FF975EC003B}.Samples|x64.Deploy.0 = Release|x64
		{773493FE-4909-44C6-99BB-0FF975EC003B}.Samples|x86.ActiveCfg = Release|x86
		{773493FE-4909-44C6-99BB-0FF975EC003B}.Samples|x86.Build.0 = Release|x86
		{773493FE-4909-44C6-99BB-0FF975EC003B}.Samples|x86.Deploy.0 = Release|x86
		{23817FC7-77C8-48A4-8B6E-6E720948179D}.Debug|Any CPU.ActiveCfg = Debug|Any CPU
		{23817FC7-77C8-48A4-8B6E-6E720948179D}.Debug|Any CPU.Build.0 = Debug|Any CPU
		{23817FC7-77C8-48A4-8B6E-6E720948179D}.Debug|Any CPU.Deploy.0 = Debug|Any CPU
		{23817FC7-77C8-48A4-8B6E-6E720948179D}.Debug|ARM.ActiveCfg = Debug|Any CPU
		{23817FC7-77C8-48A4-8B6E-6E720948179D}.Debug|ARM.Build.0 = Debug|Any CPU
		{23817FC7-77C8-48A4-8B6E-6E720948179D}.Debug|ARM.Deploy.0 = Debug|Any CPU
		{23817FC7-77C8-48A4-8B6E-6E720948179D}.Debug|iPhone.ActiveCfg = Debug|Any CPU
		{23817FC7-77C8-48A4-8B6E-6E720948179D}.Debug|iPhone.Build.0 = Debug|Any CPU
		{23817FC7-77C8-48A4-8B6E-6E720948179D}.Debug|iPhone.Deploy.0 = Debug|Any CPU
		{23817FC7-77C8-48A4-8B6E-6E720948179D}.Debug|iPhoneSimulator.ActiveCfg = Debug|Any CPU
		{23817FC7-77C8-48A4-8B6E-6E720948179D}.Debug|iPhoneSimulator.Build.0 = Debug|Any CPU
		{23817FC7-77C8-48A4-8B6E-6E720948179D}.Debug|iPhoneSimulator.Deploy.0 = Debug|Any CPU
		{23817FC7-77C8-48A4-8B6E-6E720948179D}.Debug|x64.ActiveCfg = Debug|Any CPU
		{23817FC7-77C8-48A4-8B6E-6E720948179D}.Debug|x64.Build.0 = Debug|Any CPU
		{23817FC7-77C8-48A4-8B6E-6E720948179D}.Debug|x64.Deploy.0 = Debug|Any CPU
		{23817FC7-77C8-48A4-8B6E-6E720948179D}.Debug|x86.ActiveCfg = Debug|Any CPU
		{23817FC7-77C8-48A4-8B6E-6E720948179D}.Debug|x86.Build.0 = Debug|Any CPU
		{23817FC7-77C8-48A4-8B6E-6E720948179D}.Debug|x86.Deploy.0 = Debug|Any CPU
		{23817FC7-77C8-48A4-8B6E-6E720948179D}.Docs|Any CPU.ActiveCfg = Debug|Any CPU
		{23817FC7-77C8-48A4-8B6E-6E720948179D}.Docs|Any CPU.Build.0 = Debug|Any CPU
		{23817FC7-77C8-48A4-8B6E-6E720948179D}.Docs|Any CPU.Deploy.0 = Debug|Any CPU
		{23817FC7-77C8-48A4-8B6E-6E720948179D}.Docs|ARM.ActiveCfg = Debug|Any CPU
		{23817FC7-77C8-48A4-8B6E-6E720948179D}.Docs|ARM.Build.0 = Debug|Any CPU
		{23817FC7-77C8-48A4-8B6E-6E720948179D}.Docs|ARM.Deploy.0 = Debug|Any CPU
		{23817FC7-77C8-48A4-8B6E-6E720948179D}.Docs|iPhone.ActiveCfg = Debug|Any CPU
		{23817FC7-77C8-48A4-8B6E-6E720948179D}.Docs|iPhone.Build.0 = Debug|Any CPU
		{23817FC7-77C8-48A4-8B6E-6E720948179D}.Docs|iPhone.Deploy.0 = Debug|Any CPU
		{23817FC7-77C8-48A4-8B6E-6E720948179D}.Docs|iPhoneSimulator.ActiveCfg = Debug|Any CPU
		{23817FC7-77C8-48A4-8B6E-6E720948179D}.Docs|iPhoneSimulator.Build.0 = Debug|Any CPU
		{23817FC7-77C8-48A4-8B6E-6E720948179D}.Docs|iPhoneSimulator.Deploy.0 = Debug|Any CPU
		{23817FC7-77C8-48A4-8B6E-6E720948179D}.Docs|x64.ActiveCfg = Debug|Any CPU
		{23817FC7-77C8-48A4-8B6E-6E720948179D}.Docs|x64.Build.0 = Debug|Any CPU
		{23817FC7-77C8-48A4-8B6E-6E720948179D}.Docs|x64.Deploy.0 = Debug|Any CPU
		{23817FC7-77C8-48A4-8B6E-6E720948179D}.Docs|x86.ActiveCfg = Debug|Any CPU
		{23817FC7-77C8-48A4-8B6E-6E720948179D}.Docs|x86.Build.0 = Debug|Any CPU
		{23817FC7-77C8-48A4-8B6E-6E720948179D}.Docs|x86.Deploy.0 = Debug|Any CPU
		{23817FC7-77C8-48A4-8B6E-6E720948179D}.Release|Any CPU.ActiveCfg = Release|Any CPU
		{23817FC7-77C8-48A4-8B6E-6E720948179D}.Release|Any CPU.Build.0 = Release|Any CPU
		{23817FC7-77C8-48A4-8B6E-6E720948179D}.Release|Any CPU.Deploy.0 = Release|Any CPU
		{23817FC7-77C8-48A4-8B6E-6E720948179D}.Release|ARM.ActiveCfg = Release|Any CPU
		{23817FC7-77C8-48A4-8B6E-6E720948179D}.Release|ARM.Build.0 = Release|Any CPU
		{23817FC7-77C8-48A4-8B6E-6E720948179D}.Release|ARM.Deploy.0 = Release|Any CPU
		{23817FC7-77C8-48A4-8B6E-6E720948179D}.Release|iPhone.ActiveCfg = Release|Any CPU
		{23817FC7-77C8-48A4-8B6E-6E720948179D}.Release|iPhone.Build.0 = Release|Any CPU
		{23817FC7-77C8-48A4-8B6E-6E720948179D}.Release|iPhone.Deploy.0 = Release|Any CPU
		{23817FC7-77C8-48A4-8B6E-6E720948179D}.Release|iPhoneSimulator.ActiveCfg = Release|Any CPU
		{23817FC7-77C8-48A4-8B6E-6E720948179D}.Release|iPhoneSimulator.Build.0 = Release|Any CPU
		{23817FC7-77C8-48A4-8B6E-6E720948179D}.Release|iPhoneSimulator.Deploy.0 = Release|Any CPU
		{23817FC7-77C8-48A4-8B6E-6E720948179D}.Release|x64.ActiveCfg = Release|Any CPU
		{23817FC7-77C8-48A4-8B6E-6E720948179D}.Release|x64.Build.0 = Release|Any CPU
		{23817FC7-77C8-48A4-8B6E-6E720948179D}.Release|x64.Deploy.0 = Release|Any CPU
		{23817FC7-77C8-48A4-8B6E-6E720948179D}.Release|x86.ActiveCfg = Release|Any CPU
		{23817FC7-77C8-48A4-8B6E-6E720948179D}.Release|x86.Build.0 = Release|Any CPU
		{23817FC7-77C8-48A4-8B6E-6E720948179D}.Release|x86.Deploy.0 = Release|Any CPU
		{23817FC7-77C8-48A4-8B6E-6E720948179D}.Samples|Any CPU.ActiveCfg = Release|Any CPU
		{23817FC7-77C8-48A4-8B6E-6E720948179D}.Samples|Any CPU.Build.0 = Release|Any CPU
		{23817FC7-77C8-48A4-8B6E-6E720948179D}.Samples|Any CPU.Deploy.0 = Release|Any CPU
		{23817FC7-77C8-48A4-8B6E-6E720948179D}.Samples|ARM.ActiveCfg = Release|Any CPU
		{23817FC7-77C8-48A4-8B6E-6E720948179D}.Samples|ARM.Build.0 = Release|Any CPU
		{23817FC7-77C8-48A4-8B6E-6E720948179D}.Samples|ARM.Deploy.0 = Release|Any CPU
		{23817FC7-77C8-48A4-8B6E-6E720948179D}.Samples|iPhone.ActiveCfg = Release|Any CPU
		{23817FC7-77C8-48A4-8B6E-6E720948179D}.Samples|iPhone.Build.0 = Release|Any CPU
		{23817FC7-77C8-48A4-8B6E-6E720948179D}.Samples|iPhone.Deploy.0 = Release|Any CPU
		{23817FC7-77C8-48A4-8B6E-6E720948179D}.Samples|iPhoneSimulator.ActiveCfg = Release|Any CPU
		{23817FC7-77C8-48A4-8B6E-6E720948179D}.Samples|iPhoneSimulator.Build.0 = Release|Any CPU
		{23817FC7-77C8-48A4-8B6E-6E720948179D}.Samples|iPhoneSimulator.Deploy.0 = Release|Any CPU
		{23817FC7-77C8-48A4-8B6E-6E720948179D}.Samples|x64.ActiveCfg = Release|Any CPU
		{23817FC7-77C8-48A4-8B6E-6E720948179D}.Samples|x64.Build.0 = Release|Any CPU
		{23817FC7-77C8-48A4-8B6E-6E720948179D}.Samples|x64.Deploy.0 = Release|Any CPU
		{23817FC7-77C8-48A4-8B6E-6E720948179D}.Samples|x86.ActiveCfg = Release|Any CPU
		{23817FC7-77C8-48A4-8B6E-6E720948179D}.Samples|x86.Build.0 = Release|Any CPU
		{23817FC7-77C8-48A4-8B6E-6E720948179D}.Samples|x86.Deploy.0 = Release|Any CPU
		{C4F128E0-9AC8-4132-BC2D-B8E3A4B9BCA5}.Debug|Any CPU.ActiveCfg = Debug|iPhone
		{C4F128E0-9AC8-4132-BC2D-B8E3A4B9BCA5}.Debug|ARM.ActiveCfg = Debug|iPhone
		{C4F128E0-9AC8-4132-BC2D-B8E3A4B9BCA5}.Debug|iPhone.ActiveCfg = Debug|iPhone
		{C4F128E0-9AC8-4132-BC2D-B8E3A4B9BCA5}.Debug|iPhone.Build.0 = Debug|iPhone
		{C4F128E0-9AC8-4132-BC2D-B8E3A4B9BCA5}.Debug|iPhoneSimulator.ActiveCfg = Debug|iPhoneSimulator
		{C4F128E0-9AC8-4132-BC2D-B8E3A4B9BCA5}.Debug|iPhoneSimulator.Build.0 = Debug|iPhoneSimulator
		{C4F128E0-9AC8-4132-BC2D-B8E3A4B9BCA5}.Debug|x64.ActiveCfg = Debug|iPhone
		{C4F128E0-9AC8-4132-BC2D-B8E3A4B9BCA5}.Debug|x86.ActiveCfg = Debug|iPhone
		{C4F128E0-9AC8-4132-BC2D-B8E3A4B9BCA5}.Docs|Any CPU.ActiveCfg = Release|iPhoneSimulator
		{C4F128E0-9AC8-4132-BC2D-B8E3A4B9BCA5}.Docs|Any CPU.Build.0 = Release|iPhoneSimulator
		{C4F128E0-9AC8-4132-BC2D-B8E3A4B9BCA5}.Docs|ARM.ActiveCfg = Release|iPhoneSimulator
		{C4F128E0-9AC8-4132-BC2D-B8E3A4B9BCA5}.Docs|ARM.Build.0 = Release|iPhoneSimulator
		{C4F128E0-9AC8-4132-BC2D-B8E3A4B9BCA5}.Docs|iPhone.ActiveCfg = Debug|iPhone
		{C4F128E0-9AC8-4132-BC2D-B8E3A4B9BCA5}.Docs|iPhone.Build.0 = Debug|iPhone
		{C4F128E0-9AC8-4132-BC2D-B8E3A4B9BCA5}.Docs|iPhoneSimulator.ActiveCfg = Debug|iPhoneSimulator
		{C4F128E0-9AC8-4132-BC2D-B8E3A4B9BCA5}.Docs|iPhoneSimulator.Build.0 = Debug|iPhoneSimulator
		{C4F128E0-9AC8-4132-BC2D-B8E3A4B9BCA5}.Docs|x64.ActiveCfg = Release|iPhoneSimulator
		{C4F128E0-9AC8-4132-BC2D-B8E3A4B9BCA5}.Docs|x64.Build.0 = Release|iPhoneSimulator
		{C4F128E0-9AC8-4132-BC2D-B8E3A4B9BCA5}.Docs|x86.ActiveCfg = Release|iPhoneSimulator
		{C4F128E0-9AC8-4132-BC2D-B8E3A4B9BCA5}.Docs|x86.Build.0 = Release|iPhoneSimulator
		{C4F128E0-9AC8-4132-BC2D-B8E3A4B9BCA5}.Release|Any CPU.ActiveCfg = Release|iPhone
		{C4F128E0-9AC8-4132-BC2D-B8E3A4B9BCA5}.Release|ARM.ActiveCfg = Release|iPhone
		{C4F128E0-9AC8-4132-BC2D-B8E3A4B9BCA5}.Release|iPhone.ActiveCfg = Release|iPhone
		{C4F128E0-9AC8-4132-BC2D-B8E3A4B9BCA5}.Release|iPhone.Build.0 = Release|iPhone
		{C4F128E0-9AC8-4132-BC2D-B8E3A4B9BCA5}.Release|iPhoneSimulator.ActiveCfg = Release|iPhoneSimulator
		{C4F128E0-9AC8-4132-BC2D-B8E3A4B9BCA5}.Release|iPhoneSimulator.Build.0 = Release|iPhoneSimulator
		{C4F128E0-9AC8-4132-BC2D-B8E3A4B9BCA5}.Release|x64.ActiveCfg = Release|iPhone
		{C4F128E0-9AC8-4132-BC2D-B8E3A4B9BCA5}.Release|x86.ActiveCfg = Release|iPhone
		{C4F128E0-9AC8-4132-BC2D-B8E3A4B9BCA5}.Samples|Any CPU.ActiveCfg = Release|iPhoneSimulator
		{C4F128E0-9AC8-4132-BC2D-B8E3A4B9BCA5}.Samples|Any CPU.Build.0 = Release|iPhoneSimulator
		{C4F128E0-9AC8-4132-BC2D-B8E3A4B9BCA5}.Samples|ARM.ActiveCfg = Release|iPhoneSimulator
		{C4F128E0-9AC8-4132-BC2D-B8E3A4B9BCA5}.Samples|ARM.Build.0 = Release|iPhoneSimulator
		{C4F128E0-9AC8-4132-BC2D-B8E3A4B9BCA5}.Samples|iPhone.ActiveCfg = Release|iPhone
		{C4F128E0-9AC8-4132-BC2D-B8E3A4B9BCA5}.Samples|iPhone.Build.0 = Release|iPhone
		{C4F128E0-9AC8-4132-BC2D-B8E3A4B9BCA5}.Samples|iPhoneSimulator.ActiveCfg = Release|iPhoneSimulator
		{C4F128E0-9AC8-4132-BC2D-B8E3A4B9BCA5}.Samples|iPhoneSimulator.Build.0 = Release|iPhoneSimulator
		{C4F128E0-9AC8-4132-BC2D-B8E3A4B9BCA5}.Samples|x64.ActiveCfg = Release|iPhoneSimulator
		{C4F128E0-9AC8-4132-BC2D-B8E3A4B9BCA5}.Samples|x64.Build.0 = Release|iPhoneSimulator
		{C4F128E0-9AC8-4132-BC2D-B8E3A4B9BCA5}.Samples|x86.ActiveCfg = Release|iPhoneSimulator
		{C4F128E0-9AC8-4132-BC2D-B8E3A4B9BCA5}.Samples|x86.Build.0 = Release|iPhoneSimulator
		{2FD17235-ED00-44DD-B7DF-65D684FEB734}.Debug|Any CPU.ActiveCfg = Debug|Any CPU
		{2FD17235-ED00-44DD-B7DF-65D684FEB734}.Debug|Any CPU.Build.0 = Debug|Any CPU
		{2FD17235-ED00-44DD-B7DF-65D684FEB734}.Debug|ARM.ActiveCfg = Debug|Any CPU
		{2FD17235-ED00-44DD-B7DF-65D684FEB734}.Debug|ARM.Build.0 = Debug|Any CPU
		{2FD17235-ED00-44DD-B7DF-65D684FEB734}.Debug|iPhone.ActiveCfg = Debug|Any CPU
		{2FD17235-ED00-44DD-B7DF-65D684FEB734}.Debug|iPhone.Build.0 = Debug|Any CPU
		{2FD17235-ED00-44DD-B7DF-65D684FEB734}.Debug|iPhoneSimulator.ActiveCfg = Debug|Any CPU
		{2FD17235-ED00-44DD-B7DF-65D684FEB734}.Debug|iPhoneSimulator.Build.0 = Debug|Any CPU
		{2FD17235-ED00-44DD-B7DF-65D684FEB734}.Debug|x64.ActiveCfg = Debug|Any CPU
		{2FD17235-ED00-44DD-B7DF-65D684FEB734}.Debug|x64.Build.0 = Debug|Any CPU
		{2FD17235-ED00-44DD-B7DF-65D684FEB734}.Debug|x86.ActiveCfg = Debug|Any CPU
		{2FD17235-ED00-44DD-B7DF-65D684FEB734}.Debug|x86.Build.0 = Debug|Any CPU
		{2FD17235-ED00-44DD-B7DF-65D684FEB734}.Docs|Any CPU.ActiveCfg = Debug|Any CPU
		{2FD17235-ED00-44DD-B7DF-65D684FEB734}.Docs|Any CPU.Build.0 = Debug|Any CPU
		{2FD17235-ED00-44DD-B7DF-65D684FEB734}.Docs|ARM.ActiveCfg = Debug|Any CPU
		{2FD17235-ED00-44DD-B7DF-65D684FEB734}.Docs|ARM.Build.0 = Debug|Any CPU
		{2FD17235-ED00-44DD-B7DF-65D684FEB734}.Docs|iPhone.ActiveCfg = Debug|Any CPU
		{2FD17235-ED00-44DD-B7DF-65D684FEB734}.Docs|iPhone.Build.0 = Debug|Any CPU
		{2FD17235-ED00-44DD-B7DF-65D684FEB734}.Docs|iPhoneSimulator.ActiveCfg = Debug|Any CPU
		{2FD17235-ED00-44DD-B7DF-65D684FEB734}.Docs|iPhoneSimulator.Build.0 = Debug|Any CPU
		{2FD17235-ED00-44DD-B7DF-65D684FEB734}.Docs|x64.ActiveCfg = Debug|Any CPU
		{2FD17235-ED00-44DD-B7DF-65D684FEB734}.Docs|x64.Build.0 = Debug|Any CPU
		{2FD17235-ED00-44DD-B7DF-65D684FEB734}.Docs|x86.ActiveCfg = Debug|Any CPU
		{2FD17235-ED00-44DD-B7DF-65D684FEB734}.Docs|x86.Build.0 = Debug|Any CPU
		{2FD17235-ED00-44DD-B7DF-65D684FEB734}.Release|Any CPU.ActiveCfg = Release|Any CPU
		{2FD17235-ED00-44DD-B7DF-65D684FEB734}.Release|Any CPU.Build.0 = Release|Any CPU
		{2FD17235-ED00-44DD-B7DF-65D684FEB734}.Release|ARM.ActiveCfg = Release|Any CPU
		{2FD17235-ED00-44DD-B7DF-65D684FEB734}.Release|ARM.Build.0 = Release|Any CPU
		{2FD17235-ED00-44DD-B7DF-65D684FEB734}.Release|iPhone.ActiveCfg = Release|Any CPU
		{2FD17235-ED00-44DD-B7DF-65D684FEB734}.Release|iPhone.Build.0 = Release|Any CPU
		{2FD17235-ED00-44DD-B7DF-65D684FEB734}.Release|iPhoneSimulator.ActiveCfg = Release|Any CPU
		{2FD17235-ED00-44DD-B7DF-65D684FEB734}.Release|iPhoneSimulator.Build.0 = Release|Any CPU
		{2FD17235-ED00-44DD-B7DF-65D684FEB734}.Release|x64.ActiveCfg = Release|Any CPU
		{2FD17235-ED00-44DD-B7DF-65D684FEB734}.Release|x64.Build.0 = Release|Any CPU
		{2FD17235-ED00-44DD-B7DF-65D684FEB734}.Release|x86.ActiveCfg = Release|Any CPU
		{2FD17235-ED00-44DD-B7DF-65D684FEB734}.Release|x86.Build.0 = Release|Any CPU
		{2FD17235-ED00-44DD-B7DF-65D684FEB734}.Samples|Any CPU.ActiveCfg = Release|Any CPU
		{2FD17235-ED00-44DD-B7DF-65D684FEB734}.Samples|Any CPU.Build.0 = Release|Any CPU
		{2FD17235-ED00-44DD-B7DF-65D684FEB734}.Samples|ARM.ActiveCfg = Release|Any CPU
		{2FD17235-ED00-44DD-B7DF-65D684FEB734}.Samples|ARM.Build.0 = Release|Any CPU
		{2FD17235-ED00-44DD-B7DF-65D684FEB734}.Samples|iPhone.ActiveCfg = Release|Any CPU
		{2FD17235-ED00-44DD-B7DF-65D684FEB734}.Samples|iPhone.Build.0 = Release|Any CPU
		{2FD17235-ED00-44DD-B7DF-65D684FEB734}.Samples|iPhoneSimulator.ActiveCfg = Release|Any CPU
		{2FD17235-ED00-44DD-B7DF-65D684FEB734}.Samples|iPhoneSimulator.Build.0 = Release|Any CPU
		{2FD17235-ED00-44DD-B7DF-65D684FEB734}.Samples|x64.ActiveCfg = Release|Any CPU
		{2FD17235-ED00-44DD-B7DF-65D684FEB734}.Samples|x64.Build.0 = Release|Any CPU
		{2FD17235-ED00-44DD-B7DF-65D684FEB734}.Samples|x86.ActiveCfg = Release|Any CPU
		{2FD17235-ED00-44DD-B7DF-65D684FEB734}.Samples|x86.Build.0 = Release|Any CPU
		{7A90E6A8-F984-4056-857A-928FEA10DE4F}.Debug|Any CPU.ActiveCfg = Debug|Any CPU
		{7A90E6A8-F984-4056-857A-928FEA10DE4F}.Debug|Any CPU.Build.0 = Debug|Any CPU
		{7A90E6A8-F984-4056-857A-928FEA10DE4F}.Debug|ARM.ActiveCfg = Debug|Any CPU
		{7A90E6A8-F984-4056-857A-928FEA10DE4F}.Debug|ARM.Build.0 = Debug|Any CPU
		{7A90E6A8-F984-4056-857A-928FEA10DE4F}.Debug|iPhone.ActiveCfg = Debug|Any CPU
		{7A90E6A8-F984-4056-857A-928FEA10DE4F}.Debug|iPhone.Build.0 = Debug|Any CPU
		{7A90E6A8-F984-4056-857A-928FEA10DE4F}.Debug|iPhoneSimulator.ActiveCfg = Debug|Any CPU
		{7A90E6A8-F984-4056-857A-928FEA10DE4F}.Debug|iPhoneSimulator.Build.0 = Debug|Any CPU
		{7A90E6A8-F984-4056-857A-928FEA10DE4F}.Debug|x64.ActiveCfg = Debug|Any CPU
		{7A90E6A8-F984-4056-857A-928FEA10DE4F}.Debug|x64.Build.0 = Debug|Any CPU
		{7A90E6A8-F984-4056-857A-928FEA10DE4F}.Debug|x86.ActiveCfg = Debug|Any CPU
		{7A90E6A8-F984-4056-857A-928FEA10DE4F}.Debug|x86.Build.0 = Debug|Any CPU
		{7A90E6A8-F984-4056-857A-928FEA10DE4F}.Docs|Any CPU.ActiveCfg = Debug|Any CPU
		{7A90E6A8-F984-4056-857A-928FEA10DE4F}.Docs|Any CPU.Build.0 = Debug|Any CPU
		{7A90E6A8-F984-4056-857A-928FEA10DE4F}.Docs|ARM.ActiveCfg = Debug|Any CPU
		{7A90E6A8-F984-4056-857A-928FEA10DE4F}.Docs|ARM.Build.0 = Debug|Any CPU
		{7A90E6A8-F984-4056-857A-928FEA10DE4F}.Docs|iPhone.ActiveCfg = Debug|Any CPU
		{7A90E6A8-F984-4056-857A-928FEA10DE4F}.Docs|iPhone.Build.0 = Debug|Any CPU
		{7A90E6A8-F984-4056-857A-928FEA10DE4F}.Docs|iPhoneSimulator.ActiveCfg = Debug|Any CPU
		{7A90E6A8-F984-4056-857A-928FEA10DE4F}.Docs|iPhoneSimulator.Build.0 = Debug|Any CPU
		{7A90E6A8-F984-4056-857A-928FEA10DE4F}.Docs|x64.ActiveCfg = Debug|Any CPU
		{7A90E6A8-F984-4056-857A-928FEA10DE4F}.Docs|x64.Build.0 = Debug|Any CPU
		{7A90E6A8-F984-4056-857A-928FEA10DE4F}.Docs|x86.ActiveCfg = Debug|Any CPU
		{7A90E6A8-F984-4056-857A-928FEA10DE4F}.Docs|x86.Build.0 = Debug|Any CPU
		{7A90E6A8-F984-4056-857A-928FEA10DE4F}.Release|Any CPU.ActiveCfg = Release|Any CPU
		{7A90E6A8-F984-4056-857A-928FEA10DE4F}.Release|Any CPU.Build.0 = Release|Any CPU
		{7A90E6A8-F984-4056-857A-928FEA10DE4F}.Release|ARM.ActiveCfg = Release|Any CPU
		{7A90E6A8-F984-4056-857A-928FEA10DE4F}.Release|ARM.Build.0 = Release|Any CPU
		{7A90E6A8-F984-4056-857A-928FEA10DE4F}.Release|iPhone.ActiveCfg = Release|Any CPU
		{7A90E6A8-F984-4056-857A-928FEA10DE4F}.Release|iPhone.Build.0 = Release|Any CPU
		{7A90E6A8-F984-4056-857A-928FEA10DE4F}.Release|iPhoneSimulator.ActiveCfg = Release|Any CPU
		{7A90E6A8-F984-4056-857A-928FEA10DE4F}.Release|iPhoneSimulator.Build.0 = Release|Any CPU
		{7A90E6A8-F984-4056-857A-928FEA10DE4F}.Release|x64.ActiveCfg = Release|Any CPU
		{7A90E6A8-F984-4056-857A-928FEA10DE4F}.Release|x64.Build.0 = Release|Any CPU
		{7A90E6A8-F984-4056-857A-928FEA10DE4F}.Release|x86.ActiveCfg = Release|Any CPU
		{7A90E6A8-F984-4056-857A-928FEA10DE4F}.Release|x86.Build.0 = Release|Any CPU
		{7A90E6A8-F984-4056-857A-928FEA10DE4F}.Samples|Any CPU.ActiveCfg = Release|Any CPU
		{7A90E6A8-F984-4056-857A-928FEA10DE4F}.Samples|Any CPU.Build.0 = Release|Any CPU
		{7A90E6A8-F984-4056-857A-928FEA10DE4F}.Samples|ARM.ActiveCfg = Release|Any CPU
		{7A90E6A8-F984-4056-857A-928FEA10DE4F}.Samples|ARM.Build.0 = Release|Any CPU
		{7A90E6A8-F984-4056-857A-928FEA10DE4F}.Samples|iPhone.ActiveCfg = Release|Any CPU
		{7A90E6A8-F984-4056-857A-928FEA10DE4F}.Samples|iPhone.Build.0 = Release|Any CPU
		{7A90E6A8-F984-4056-857A-928FEA10DE4F}.Samples|iPhoneSimulator.ActiveCfg = Release|Any CPU
		{7A90E6A8-F984-4056-857A-928FEA10DE4F}.Samples|iPhoneSimulator.Build.0 = Release|Any CPU
		{7A90E6A8-F984-4056-857A-928FEA10DE4F}.Samples|x64.ActiveCfg = Release|Any CPU
		{7A90E6A8-F984-4056-857A-928FEA10DE4F}.Samples|x64.Build.0 = Release|Any CPU
		{7A90E6A8-F984-4056-857A-928FEA10DE4F}.Samples|x86.ActiveCfg = Release|Any CPU
		{7A90E6A8-F984-4056-857A-928FEA10DE4F}.Samples|x86.Build.0 = Release|Any CPU
		{F597706E-529E-4D52-99DB-E3DC4CB344F3}.Debug|Any CPU.ActiveCfg = Debug|Any CPU
		{F597706E-529E-4D52-99DB-E3DC4CB344F3}.Debug|Any CPU.Build.0 = Debug|Any CPU
		{F597706E-529E-4D52-99DB-E3DC4CB344F3}.Debug|ARM.ActiveCfg = Debug|Any CPU
		{F597706E-529E-4D52-99DB-E3DC4CB344F3}.Debug|ARM.Build.0 = Debug|Any CPU
		{F597706E-529E-4D52-99DB-E3DC4CB344F3}.Debug|iPhone.ActiveCfg = Debug|Any CPU
		{F597706E-529E-4D52-99DB-E3DC4CB344F3}.Debug|iPhone.Build.0 = Debug|Any CPU
		{F597706E-529E-4D52-99DB-E3DC4CB344F3}.Debug|iPhoneSimulator.ActiveCfg = Debug|Any CPU
		{F597706E-529E-4D52-99DB-E3DC4CB344F3}.Debug|iPhoneSimulator.Build.0 = Debug|Any CPU
		{F597706E-529E-4D52-99DB-E3DC4CB344F3}.Debug|x64.ActiveCfg = Debug|Any CPU
		{F597706E-529E-4D52-99DB-E3DC4CB344F3}.Debug|x64.Build.0 = Debug|Any CPU
		{F597706E-529E-4D52-99DB-E3DC4CB344F3}.Debug|x86.ActiveCfg = Debug|Any CPU
		{F597706E-529E-4D52-99DB-E3DC4CB344F3}.Debug|x86.Build.0 = Debug|Any CPU
		{F597706E-529E-4D52-99DB-E3DC4CB344F3}.Docs|Any CPU.ActiveCfg = Debug|Any CPU
		{F597706E-529E-4D52-99DB-E3DC4CB344F3}.Docs|Any CPU.Build.0 = Debug|Any CPU
		{F597706E-529E-4D52-99DB-E3DC4CB344F3}.Docs|ARM.ActiveCfg = Debug|Any CPU
		{F597706E-529E-4D52-99DB-E3DC4CB344F3}.Docs|ARM.Build.0 = Debug|Any CPU
		{F597706E-529E-4D52-99DB-E3DC4CB344F3}.Docs|iPhone.ActiveCfg = Debug|Any CPU
		{F597706E-529E-4D52-99DB-E3DC4CB344F3}.Docs|iPhone.Build.0 = Debug|Any CPU
		{F597706E-529E-4D52-99DB-E3DC4CB344F3}.Docs|iPhoneSimulator.ActiveCfg = Debug|Any CPU
		{F597706E-529E-4D52-99DB-E3DC4CB344F3}.Docs|iPhoneSimulator.Build.0 = Debug|Any CPU
		{F597706E-529E-4D52-99DB-E3DC4CB344F3}.Docs|x64.ActiveCfg = Debug|Any CPU
		{F597706E-529E-4D52-99DB-E3DC4CB344F3}.Docs|x64.Build.0 = Debug|Any CPU
		{F597706E-529E-4D52-99DB-E3DC4CB344F3}.Docs|x86.ActiveCfg = Debug|Any CPU
		{F597706E-529E-4D52-99DB-E3DC4CB344F3}.Docs|x86.Build.0 = Debug|Any CPU
		{F597706E-529E-4D52-99DB-E3DC4CB344F3}.Release|Any CPU.ActiveCfg = Release|Any CPU
		{F597706E-529E-4D52-99DB-E3DC4CB344F3}.Release|Any CPU.Build.0 = Release|Any CPU
		{F597706E-529E-4D52-99DB-E3DC4CB344F3}.Release|ARM.ActiveCfg = Release|Any CPU
		{F597706E-529E-4D52-99DB-E3DC4CB344F3}.Release|ARM.Build.0 = Release|Any CPU
		{F597706E-529E-4D52-99DB-E3DC4CB344F3}.Release|iPhone.ActiveCfg = Release|Any CPU
		{F597706E-529E-4D52-99DB-E3DC4CB344F3}.Release|iPhone.Build.0 = Release|Any CPU
		{F597706E-529E-4D52-99DB-E3DC4CB344F3}.Release|iPhoneSimulator.ActiveCfg = Release|Any CPU
		{F597706E-529E-4D52-99DB-E3DC4CB344F3}.Release|iPhoneSimulator.Build.0 = Release|Any CPU
		{F597706E-529E-4D52-99DB-E3DC4CB344F3}.Release|x64.ActiveCfg = Release|Any CPU
		{F597706E-529E-4D52-99DB-E3DC4CB344F3}.Release|x64.Build.0 = Release|Any CPU
		{F597706E-529E-4D52-99DB-E3DC4CB344F3}.Release|x86.ActiveCfg = Release|Any CPU
		{F597706E-529E-4D52-99DB-E3DC4CB344F3}.Release|x86.Build.0 = Release|Any CPU
		{F597706E-529E-4D52-99DB-E3DC4CB344F3}.Samples|Any CPU.ActiveCfg = Release|Any CPU
		{F597706E-529E-4D52-99DB-E3DC4CB344F3}.Samples|Any CPU.Build.0 = Release|Any CPU
		{F597706E-529E-4D52-99DB-E3DC4CB344F3}.Samples|ARM.ActiveCfg = Release|Any CPU
		{F597706E-529E-4D52-99DB-E3DC4CB344F3}.Samples|ARM.Build.0 = Release|Any CPU
		{F597706E-529E-4D52-99DB-E3DC4CB344F3}.Samples|iPhone.ActiveCfg = Release|Any CPU
		{F597706E-529E-4D52-99DB-E3DC4CB344F3}.Samples|iPhone.Build.0 = Release|Any CPU
		{F597706E-529E-4D52-99DB-E3DC4CB344F3}.Samples|iPhoneSimulator.ActiveCfg = Release|Any CPU
		{F597706E-529E-4D52-99DB-E3DC4CB344F3}.Samples|iPhoneSimulator.Build.0 = Release|Any CPU
		{F597706E-529E-4D52-99DB-E3DC4CB344F3}.Samples|x64.ActiveCfg = Release|Any CPU
		{F597706E-529E-4D52-99DB-E3DC4CB344F3}.Samples|x64.Build.0 = Release|Any CPU
		{F597706E-529E-4D52-99DB-E3DC4CB344F3}.Samples|x86.ActiveCfg = Release|Any CPU
		{F597706E-529E-4D52-99DB-E3DC4CB344F3}.Samples|x86.Build.0 = Release|Any CPU
		{CF06793F-B1A7-4DF5-BA3B-D4C3406F6FE0}.Debug|Any CPU.ActiveCfg = Debug|Any CPU
		{CF06793F-B1A7-4DF5-BA3B-D4C3406F6FE0}.Debug|Any CPU.Build.0 = Debug|Any CPU
		{CF06793F-B1A7-4DF5-BA3B-D4C3406F6FE0}.Debug|ARM.ActiveCfg = Debug|Any CPU
		{CF06793F-B1A7-4DF5-BA3B-D4C3406F6FE0}.Debug|ARM.Build.0 = Debug|Any CPU
		{CF06793F-B1A7-4DF5-BA3B-D4C3406F6FE0}.Debug|iPhone.ActiveCfg = Debug|Any CPU
		{CF06793F-B1A7-4DF5-BA3B-D4C3406F6FE0}.Debug|iPhone.Build.0 = Debug|Any CPU
		{CF06793F-B1A7-4DF5-BA3B-D4C3406F6FE0}.Debug|iPhoneSimulator.ActiveCfg = Debug|Any CPU
		{CF06793F-B1A7-4DF5-BA3B-D4C3406F6FE0}.Debug|iPhoneSimulator.Build.0 = Debug|Any CPU
		{CF06793F-B1A7-4DF5-BA3B-D4C3406F6FE0}.Debug|x64.ActiveCfg = Debug|Any CPU
		{CF06793F-B1A7-4DF5-BA3B-D4C3406F6FE0}.Debug|x64.Build.0 = Debug|Any CPU
		{CF06793F-B1A7-4DF5-BA3B-D4C3406F6FE0}.Debug|x86.ActiveCfg = Debug|Any CPU
		{CF06793F-B1A7-4DF5-BA3B-D4C3406F6FE0}.Debug|x86.Build.0 = Debug|Any CPU
		{CF06793F-B1A7-4DF5-BA3B-D4C3406F6FE0}.Docs|Any CPU.ActiveCfg = Docs|Any CPU
		{CF06793F-B1A7-4DF5-BA3B-D4C3406F6FE0}.Docs|Any CPU.Build.0 = Docs|Any CPU
		{CF06793F-B1A7-4DF5-BA3B-D4C3406F6FE0}.Docs|ARM.ActiveCfg = Docs|Any CPU
		{CF06793F-B1A7-4DF5-BA3B-D4C3406F6FE0}.Docs|ARM.Build.0 = Docs|Any CPU
		{CF06793F-B1A7-4DF5-BA3B-D4C3406F6FE0}.Docs|iPhone.ActiveCfg = Docs|Any CPU
		{CF06793F-B1A7-4DF5-BA3B-D4C3406F6FE0}.Docs|iPhone.Build.0 = Docs|Any CPU
		{CF06793F-B1A7-4DF5-BA3B-D4C3406F6FE0}.Docs|iPhoneSimulator.ActiveCfg = Docs|Any CPU
		{CF06793F-B1A7-4DF5-BA3B-D4C3406F6FE0}.Docs|iPhoneSimulator.Build.0 = Docs|Any CPU
		{CF06793F-B1A7-4DF5-BA3B-D4C3406F6FE0}.Docs|x64.ActiveCfg = Docs|Any CPU
		{CF06793F-B1A7-4DF5-BA3B-D4C3406F6FE0}.Docs|x64.Build.0 = Docs|Any CPU
		{CF06793F-B1A7-4DF5-BA3B-D4C3406F6FE0}.Docs|x86.ActiveCfg = Docs|Any CPU
		{CF06793F-B1A7-4DF5-BA3B-D4C3406F6FE0}.Docs|x86.Build.0 = Docs|Any CPU
		{CF06793F-B1A7-4DF5-BA3B-D4C3406F6FE0}.Release|Any CPU.ActiveCfg = Release|Any CPU
		{CF06793F-B1A7-4DF5-BA3B-D4C3406F6FE0}.Release|Any CPU.Build.0 = Release|Any CPU
		{CF06793F-B1A7-4DF5-BA3B-D4C3406F6FE0}.Release|ARM.ActiveCfg = Release|Any CPU
		{CF06793F-B1A7-4DF5-BA3B-D4C3406F6FE0}.Release|ARM.Build.0 = Release|Any CPU
		{CF06793F-B1A7-4DF5-BA3B-D4C3406F6FE0}.Release|iPhone.ActiveCfg = Release|Any CPU
		{CF06793F-B1A7-4DF5-BA3B-D4C3406F6FE0}.Release|iPhone.Build.0 = Release|Any CPU
		{CF06793F-B1A7-4DF5-BA3B-D4C3406F6FE0}.Release|iPhoneSimulator.ActiveCfg = Release|Any CPU
		{CF06793F-B1A7-4DF5-BA3B-D4C3406F6FE0}.Release|iPhoneSimulator.Build.0 = Release|Any CPU
		{CF06793F-B1A7-4DF5-BA3B-D4C3406F6FE0}.Release|x64.ActiveCfg = Release|Any CPU
		{CF06793F-B1A7-4DF5-BA3B-D4C3406F6FE0}.Release|x64.Build.0 = Release|Any CPU
		{CF06793F-B1A7-4DF5-BA3B-D4C3406F6FE0}.Release|x86.ActiveCfg = Release|Any CPU
		{CF06793F-B1A7-4DF5-BA3B-D4C3406F6FE0}.Release|x86.Build.0 = Release|Any CPU
		{CF06793F-B1A7-4DF5-BA3B-D4C3406F6FE0}.Samples|Any CPU.ActiveCfg = Samples|Any CPU
		{CF06793F-B1A7-4DF5-BA3B-D4C3406F6FE0}.Samples|Any CPU.Build.0 = Samples|Any CPU
		{CF06793F-B1A7-4DF5-BA3B-D4C3406F6FE0}.Samples|ARM.ActiveCfg = Samples|Any CPU
		{CF06793F-B1A7-4DF5-BA3B-D4C3406F6FE0}.Samples|ARM.Build.0 = Samples|Any CPU
		{CF06793F-B1A7-4DF5-BA3B-D4C3406F6FE0}.Samples|iPhone.ActiveCfg = Samples|Any CPU
		{CF06793F-B1A7-4DF5-BA3B-D4C3406F6FE0}.Samples|iPhone.Build.0 = Samples|Any CPU
		{CF06793F-B1A7-4DF5-BA3B-D4C3406F6FE0}.Samples|iPhoneSimulator.ActiveCfg = Samples|Any CPU
		{CF06793F-B1A7-4DF5-BA3B-D4C3406F6FE0}.Samples|iPhoneSimulator.Build.0 = Samples|Any CPU
		{CF06793F-B1A7-4DF5-BA3B-D4C3406F6FE0}.Samples|x64.ActiveCfg = Samples|Any CPU
		{CF06793F-B1A7-4DF5-BA3B-D4C3406F6FE0}.Samples|x64.Build.0 = Samples|Any CPU
		{CF06793F-B1A7-4DF5-BA3B-D4C3406F6FE0}.Samples|x86.ActiveCfg = Samples|Any CPU
		{CF06793F-B1A7-4DF5-BA3B-D4C3406F6FE0}.Samples|x86.Build.0 = Samples|Any CPU
		{313BB060-D9B8-4616-8D7F-3942C9519A1F}.Debug|Any CPU.ActiveCfg = Debug|Any CPU
		{313BB060-D9B8-4616-8D7F-3942C9519A1F}.Debug|Any CPU.Build.0 = Debug|Any CPU
		{313BB060-D9B8-4616-8D7F-3942C9519A1F}.Debug|ARM.ActiveCfg = Debug|Any CPU
		{313BB060-D9B8-4616-8D7F-3942C9519A1F}.Debug|ARM.Build.0 = Debug|Any CPU
		{313BB060-D9B8-4616-8D7F-3942C9519A1F}.Debug|iPhone.ActiveCfg = Debug|Any CPU
		{313BB060-D9B8-4616-8D7F-3942C9519A1F}.Debug|iPhone.Build.0 = Debug|Any CPU
		{313BB060-D9B8-4616-8D7F-3942C9519A1F}.Debug|iPhoneSimulator.ActiveCfg = Debug|Any CPU
		{313BB060-D9B8-4616-8D7F-3942C9519A1F}.Debug|iPhoneSimulator.Build.0 = Debug|Any CPU
		{313BB060-D9B8-4616-8D7F-3942C9519A1F}.Debug|x64.ActiveCfg = Debug|Any CPU
		{313BB060-D9B8-4616-8D7F-3942C9519A1F}.Debug|x64.Build.0 = Debug|Any CPU
		{313BB060-D9B8-4616-8D7F-3942C9519A1F}.Debug|x86.ActiveCfg = Debug|Any CPU
		{313BB060-D9B8-4616-8D7F-3942C9519A1F}.Debug|x86.Build.0 = Debug|Any CPU
		{313BB060-D9B8-4616-8D7F-3942C9519A1F}.Docs|Any CPU.ActiveCfg = Docs|Any CPU
		{313BB060-D9B8-4616-8D7F-3942C9519A1F}.Docs|Any CPU.Build.0 = Docs|Any CPU
		{313BB060-D9B8-4616-8D7F-3942C9519A1F}.Docs|ARM.ActiveCfg = Docs|Any CPU
		{313BB060-D9B8-4616-8D7F-3942C9519A1F}.Docs|ARM.Build.0 = Docs|Any CPU
		{313BB060-D9B8-4616-8D7F-3942C9519A1F}.Docs|iPhone.ActiveCfg = Docs|Any CPU
		{313BB060-D9B8-4616-8D7F-3942C9519A1F}.Docs|iPhone.Build.0 = Docs|Any CPU
		{313BB060-D9B8-4616-8D7F-3942C9519A1F}.Docs|iPhoneSimulator.ActiveCfg = Docs|Any CPU
		{313BB060-D9B8-4616-8D7F-3942C9519A1F}.Docs|iPhoneSimulator.Build.0 = Docs|Any CPU
		{313BB060-D9B8-4616-8D7F-3942C9519A1F}.Docs|x64.ActiveCfg = Docs|Any CPU
		{313BB060-D9B8-4616-8D7F-3942C9519A1F}.Docs|x64.Build.0 = Docs|Any CPU
		{313BB060-D9B8-4616-8D7F-3942C9519A1F}.Docs|x86.ActiveCfg = Docs|Any CPU
		{313BB060-D9B8-4616-8D7F-3942C9519A1F}.Docs|x86.Build.0 = Docs|Any CPU
		{313BB060-D9B8-4616-8D7F-3942C9519A1F}.Release|Any CPU.ActiveCfg = Release|Any CPU
		{313BB060-D9B8-4616-8D7F-3942C9519A1F}.Release|Any CPU.Build.0 = Release|Any CPU
		{313BB060-D9B8-4616-8D7F-3942C9519A1F}.Release|ARM.ActiveCfg = Release|Any CPU
		{313BB060-D9B8-4616-8D7F-3942C9519A1F}.Release|ARM.Build.0 = Release|Any CPU
		{313BB060-D9B8-4616-8D7F-3942C9519A1F}.Release|iPhone.ActiveCfg = Release|Any CPU
		{313BB060-D9B8-4616-8D7F-3942C9519A1F}.Release|iPhone.Build.0 = Release|Any CPU
		{313BB060-D9B8-4616-8D7F-3942C9519A1F}.Release|iPhoneSimulator.ActiveCfg = Release|Any CPU
		{313BB060-D9B8-4616-8D7F-3942C9519A1F}.Release|iPhoneSimulator.Build.0 = Release|Any CPU
		{313BB060-D9B8-4616-8D7F-3942C9519A1F}.Release|x64.ActiveCfg = Release|Any CPU
		{313BB060-D9B8-4616-8D7F-3942C9519A1F}.Release|x64.Build.0 = Release|Any CPU
		{313BB060-D9B8-4616-8D7F-3942C9519A1F}.Release|x86.ActiveCfg = Release|Any CPU
		{313BB060-D9B8-4616-8D7F-3942C9519A1F}.Release|x86.Build.0 = Release|Any CPU
		{313BB060-D9B8-4616-8D7F-3942C9519A1F}.Samples|Any CPU.ActiveCfg = Samples|Any CPU
		{313BB060-D9B8-4616-8D7F-3942C9519A1F}.Samples|Any CPU.Build.0 = Samples|Any CPU
		{313BB060-D9B8-4616-8D7F-3942C9519A1F}.Samples|ARM.ActiveCfg = Samples|Any CPU
		{313BB060-D9B8-4616-8D7F-3942C9519A1F}.Samples|ARM.Build.0 = Samples|Any CPU
		{313BB060-D9B8-4616-8D7F-3942C9519A1F}.Samples|iPhone.ActiveCfg = Samples|Any CPU
		{313BB060-D9B8-4616-8D7F-3942C9519A1F}.Samples|iPhone.Build.0 = Samples|Any CPU
		{313BB060-D9B8-4616-8D7F-3942C9519A1F}.Samples|iPhoneSimulator.ActiveCfg = Samples|Any CPU
		{313BB060-D9B8-4616-8D7F-3942C9519A1F}.Samples|iPhoneSimulator.Build.0 = Samples|Any CPU
		{313BB060-D9B8-4616-8D7F-3942C9519A1F}.Samples|x64.ActiveCfg = Samples|Any CPU
		{313BB060-D9B8-4616-8D7F-3942C9519A1F}.Samples|x64.Build.0 = Samples|Any CPU
		{313BB060-D9B8-4616-8D7F-3942C9519A1F}.Samples|x86.ActiveCfg = Samples|Any CPU
		{313BB060-D9B8-4616-8D7F-3942C9519A1F}.Samples|x86.Build.0 = Samples|Any CPU
	EndGlobalSection
	GlobalSection(SolutionProperties) = preSolution
		HideSolutionNode = FALSE
	EndGlobalSection
	GlobalSection(NestedProjects) = preSolution
		{82330986-1BD1-4AE4-AE1A-863DB6945CEF} = {E6CAC3B8-577D-454F-8E75-0050304719E3}
		{773493FE-4909-44C6-99BB-0FF975EC003B} = {82330986-1BD1-4AE4-AE1A-863DB6945CEF}
		{23817FC7-77C8-48A4-8B6E-6E720948179D} = {82330986-1BD1-4AE4-AE1A-863DB6945CEF}
		{C4F128E0-9AC8-4132-BC2D-B8E3A4B9BCA5} = {82330986-1BD1-4AE4-AE1A-863DB6945CEF}
		{2FD17235-ED00-44DD-B7DF-65D684FEB734} = {82330986-1BD1-4AE4-AE1A-863DB6945CEF}
		{7A90E6A8-F984-4056-857A-928FEA10DE4F} = {E6CAC3B8-577D-454F-8E75-0050304719E3}
		{F597706E-529E-4D52-99DB-E3DC4CB344F3} = {E6CAC3B8-577D-454F-8E75-0050304719E3}
	EndGlobalSection
	GlobalSection(ExtensibilityGlobals) = postSolution
		SolutionGuid = {5A918E98-567B-4F3D-9B06-68D361EBF4B8}
	EndGlobalSection
EndGlobal
